// !$*UTF8*$!
{
	archiveVersion = 1;
	classes = {
	};
	objectVersion = 55;
	objects = {

/* Begin PBXBuildFile section */
		090CF14429D2F3E100E43294 /* CustomTabBar.swift in Sources */ = {isa = PBXBuildFile; fileRef = 090CF14329D2F3E100E43294 /* CustomTabBar.swift */; };
		0943D23F29D750E100908C8E /* OnboardingButtonStyle.swift in Sources */ = {isa = PBXBuildFile; fileRef = 0943D23E29D750E100908C8E /* OnboardingButtonStyle.swift */; };
		0943D24129D7C76400908C8E /* CreateProfileTextfieldStyle.swift in Sources */ = {isa = PBXBuildFile; fileRef = 0943D24029D7C76400908C8E /* CreateProfileTextfieldStyle.swift */; };
		0943D24329D7CA1200908C8E /* ContactsViewModel.swift in Sources */ = {isa = PBXBuildFile; fileRef = 0943D24229D7CA1200908C8E /* ContactsViewModel.swift */; };
		0943D24529D7D14100908C8E /* User.swift in Sources */ = {isa = PBXBuildFile; fileRef = 0943D24429D7D14100908C8E /* User.swift */; };
		0943D24729D7D2A900908C8E /* DatabaseService.swift in Sources */ = {isa = PBXBuildFile; fileRef = 0943D24629D7D2A900908C8E /* DatabaseService.swift */; };
		0943D24929D7D68C00908C8E /* TextHelper.swift in Sources */ = {isa = PBXBuildFile; fileRef = 0943D24829D7D68C00908C8E /* TextHelper.swift */; };
		0943D24B29D80D6100908C8E /* ImagePicker.swift in Sources */ = {isa = PBXBuildFile; fileRef = 0943D24A29D80D6100908C8E /* ImagePicker.swift */; };
		0955C2A829D535BB00B20D4A /* TabBarButton.swift in Sources */ = {isa = PBXBuildFile; fileRef = 0955C2A729D535BB00B20D4A /* TabBarButton.swift */; };
		0955C2AA29D5399500B20D4A /* GoogleService-Info.plist in Resources */ = {isa = PBXBuildFile; fileRef = 0955C2A929D5399500B20D4A /* GoogleService-Info.plist */; };
		0955C2AD29D5599600B20D4A /* FirebaseAuth in Frameworks */ = {isa = PBXBuildFile; productRef = 0955C2AC29D5599600B20D4A /* FirebaseAuth */; };
		0955C2AF29D5599600B20D4A /* FirebaseFirestore in Frameworks */ = {isa = PBXBuildFile; productRef = 0955C2AE29D5599600B20D4A /* FirebaseFirestore */; };
		0955C2B129D5599600B20D4A /* FirebaseFirestoreSwift in Frameworks */ = {isa = PBXBuildFile; productRef = 0955C2B029D5599600B20D4A /* FirebaseFirestoreSwift */; };
		0955C2B329D5599600B20D4A /* FirebaseStorage in Frameworks */ = {isa = PBXBuildFile; productRef = 0955C2B229D5599600B20D4A /* FirebaseStorage */; };
		0955C2B529D55A1600B20D4A /* AppDelegate.swift in Sources */ = {isa = PBXBuildFile; fileRef = 0955C2B429D55A1600B20D4A /* AppDelegate.swift */; };
		0993ACEF29D71E6800CE391E /* AuthViewModel.swift in Sources */ = {isa = PBXBuildFile; fileRef = 0993ACEE29D71E6800CE391E /* AuthViewModel.swift */; };
		0993ACF229D72DE200CE391E /* OnboardingContainer.swift in Sources */ = {isa = PBXBuildFile; fileRef = 0993ACF129D72DE200CE391E /* OnboardingContainer.swift */; };
		0993ACF429D72F4900CE391E /* WelcomeView.swift in Sources */ = {isa = PBXBuildFile; fileRef = 0993ACF329D72F4900CE391E /* WelcomeView.swift */; };
		0993ACF629D72F6000CE391E /* PhoneNumberView.swift in Sources */ = {isa = PBXBuildFile; fileRef = 0993ACF529D72F6000CE391E /* PhoneNumberView.swift */; };
		0993ACF829D72F8300CE391E /* VerificationView.swift in Sources */ = {isa = PBXBuildFile; fileRef = 0993ACF729D72F8300CE391E /* VerificationView.swift */; };
		0993ACFA29D72F9800CE391E /* CreateProfileView.swift in Sources */ = {isa = PBXBuildFile; fileRef = 0993ACF929D72F9800CE391E /* CreateProfileView.swift */; };
		0993ACFC29D72FB100CE391E /* SyncContactsView.swift in Sources */ = {isa = PBXBuildFile; fileRef = 0993ACFB29D72FB100CE391E /* SyncContactsView.swift */; };
		837CD8422755654800C6274E /* swiftui_chatApp.swift in Sources */ = {isa = PBXBuildFile; fileRef = 837CD8412755654800C6274E /* swiftui_chatApp.swift */; };
		837CD8442755654800C6274E /* RootView.swift in Sources */ = {isa = PBXBuildFile; fileRef = 837CD8432755654800C6274E /* RootView.swift */; };
		837CD8462755654B00C6274E /* Assets.xcassets in Resources */ = {isa = PBXBuildFile; fileRef = 837CD8452755654B00C6274E /* Assets.xcassets */; };
		837CD8492755654B00C6274E /* Preview Assets.xcassets in Resources */ = {isa = PBXBuildFile; fileRef = 837CD8482755654B00C6274E /* Preview Assets.xcassets */; };
		837CD8582755694000C6274E /* LexendDeca-Regular.ttf in Resources */ = {isa = PBXBuildFile; fileRef = 837CD8552755694000C6274E /* LexendDeca-Regular.ttf */; };
		837CD8592755694000C6274E /* LexendDeca-SemiBold.ttf in Resources */ = {isa = PBXBuildFile; fileRef = 837CD8562755694000C6274E /* LexendDeca-SemiBold.ttf */; };
		837CD85A2755694000C6274E /* LexendDeca-Bold.ttf in Resources */ = {isa = PBXBuildFile; fileRef = 837CD8572755694000C6274E /* LexendDeca-Bold.ttf */; };
		837CD85D27556BDB00C6274E /* Fonts.swift in Sources */ = {isa = PBXBuildFile; fileRef = 837CD85C27556BDB00C6274E /* Fonts.swift */; };
/* End PBXBuildFile section */

/* Begin PBXFileReference section */
		090CF14329D2F3E100E43294 /* CustomTabBar.swift */ = {isa = PBXFileReference; lastKnownFileType = sourcecode.swift; path = CustomTabBar.swift; sourceTree = "<group>"; };
		0943D23E29D750E100908C8E /* OnboardingButtonStyle.swift */ = {isa = PBXFileReference; lastKnownFileType = sourcecode.swift; path = OnboardingButtonStyle.swift; sourceTree = "<group>"; };
		0943D24029D7C76400908C8E /* CreateProfileTextfieldStyle.swift */ = {isa = PBXFileReference; lastKnownFileType = sourcecode.swift; path = CreateProfileTextfieldStyle.swift; sourceTree = "<group>"; };
		0943D24229D7CA1200908C8E /* ContactsViewModel.swift */ = {isa = PBXFileReference; lastKnownFileType = sourcecode.swift; path = ContactsViewModel.swift; sourceTree = "<group>"; };
		0943D24429D7D14100908C8E /* User.swift */ = {isa = PBXFileReference; lastKnownFileType = sourcecode.swift; path = User.swift; sourceTree = "<group>"; };
		0943D24629D7D2A900908C8E /* DatabaseService.swift */ = {isa = PBXFileReference; lastKnownFileType = sourcecode.swift; path = DatabaseService.swift; sourceTree = "<group>"; };
		0943D24829D7D68C00908C8E /* TextHelper.swift */ = {isa = PBXFileReference; lastKnownFileType = sourcecode.swift; path = TextHelper.swift; sourceTree = "<group>"; };
		0943D24A29D80D6100908C8E /* ImagePicker.swift */ = {isa = PBXFileReference; fileEncoding = 4; lastKnownFileType = sourcecode.swift; path = ImagePicker.swift; sourceTree = "<group>"; };
		0955C2A729D535BB00B20D4A /* TabBarButton.swift */ = {isa = PBXFileReference; lastKnownFileType = sourcecode.swift; path = TabBarButton.swift; sourceTree = "<group>"; };
		0955C2A929D5399500B20D4A /* GoogleService-Info.plist */ = {isa = PBXFileReference; fileEncoding = 4; lastKnownFileType = text.plist.xml; path = "GoogleService-Info.plist"; sourceTree = "<group>"; };
		0955C2B429D55A1600B20D4A /* AppDelegate.swift */ = {isa = PBXFileReference; lastKnownFileType = sourcecode.swift; path = AppDelegate.swift; sourceTree = "<group>"; };
		0955C2B629D55E4300B20D4A /* swiftui-chat.entitlements */ = {isa = PBXFileReference; lastKnownFileType = text.plist.entitlements; path = "swiftui-chat.entitlements"; sourceTree = "<group>"; };
		097BFAC529D56C6B00F373F1 /* swiftui-chatDebug.entitlements */ = {isa = PBXFileReference; lastKnownFileType = text.plist.entitlements; path = "swiftui-chatDebug.entitlements"; sourceTree = "<group>"; };
		0993ACEE29D71E6800CE391E /* AuthViewModel.swift */ = {isa = PBXFileReference; lastKnownFileType = sourcecode.swift; path = AuthViewModel.swift; sourceTree = "<group>"; };
		0993ACF129D72DE200CE391E /* OnboardingContainer.swift */ = {isa = PBXFileReference; lastKnownFileType = sourcecode.swift; path = OnboardingContainer.swift; sourceTree = "<group>"; };
		0993ACF329D72F4900CE391E /* WelcomeView.swift */ = {isa = PBXFileReference; lastKnownFileType = sourcecode.swift; path = WelcomeView.swift; sourceTree = "<group>"; };
		0993ACF529D72F6000CE391E /* PhoneNumberView.swift */ = {isa = PBXFileReference; lastKnownFileType = sourcecode.swift; path = PhoneNumberView.swift; sourceTree = "<group>"; };
		0993ACF729D72F8300CE391E /* VerificationView.swift */ = {isa = PBXFileReference; lastKnownFileType = sourcecode.swift; path = VerificationView.swift; sourceTree = "<group>"; };
		0993ACF929D72F9800CE391E /* CreateProfileView.swift */ = {isa = PBXFileReference; lastKnownFileType = sourcecode.swift; path = CreateProfileView.swift; sourceTree = "<group>"; };
		0993ACFB29D72FB100CE391E /* SyncContactsView.swift */ = {isa = PBXFileReference; lastKnownFileType = sourcecode.swift; path = SyncContactsView.swift; sourceTree = "<group>"; };
		837CD83E2755654800C6274E /* swiftui-chat.app */ = {isa = PBXFileReference; explicitFileType = wrapper.application; includeInIndex = 0; path = "swiftui-chat.app"; sourceTree = BUILT_PRODUCTS_DIR; };
		837CD8412755654800C6274E /* swiftui_chatApp.swift */ = {isa = PBXFileReference; lastKnownFileType = sourcecode.swift; path = swiftui_chatApp.swift; sourceTree = "<group>"; };
		837CD8432755654800C6274E /* RootView.swift */ = {isa = PBXFileReference; lastKnownFileType = sourcecode.swift; path = RootView.swift; sourceTree = "<group>"; };
		837CD8452755654B00C6274E /* Assets.xcassets */ = {isa = PBXFileReference; lastKnownFileType = folder.assetcatalog; path = Assets.xcassets; sourceTree = "<group>"; };
		837CD8482755654B00C6274E /* Preview Assets.xcassets */ = {isa = PBXFileReference; lastKnownFileType = folder.assetcatalog; path = "Preview Assets.xcassets"; sourceTree = "<group>"; };
		837CD8552755694000C6274E /* LexendDeca-Regular.ttf */ = {isa = PBXFileReference; lastKnownFileType = file; path = "LexendDeca-Regular.ttf"; sourceTree = "<group>"; };
		837CD8562755694000C6274E /* LexendDeca-SemiBold.ttf */ = {isa = PBXFileReference; lastKnownFileType = file; path = "LexendDeca-SemiBold.ttf"; sourceTree = "<group>"; };
		837CD8572755694000C6274E /* LexendDeca-Bold.ttf */ = {isa = PBXFileReference; lastKnownFileType = file; path = "LexendDeca-Bold.ttf"; sourceTree = "<group>"; };
		837CD85B2755697900C6274E /* Info.plist */ = {isa = PBXFileReference; lastKnownFileType = text.plist; path = Info.plist; sourceTree = "<group>"; };
		837CD85C27556BDB00C6274E /* Fonts.swift */ = {isa = PBXFileReference; lastKnownFileType = sourcecode.swift; path = Fonts.swift; sourceTree = "<group>"; };
/* End PBXFileReference section */

/* Begin PBXFrameworksBuildPhase section */
		837CD83B2755654800C6274E /* Frameworks */ = {
			isa = PBXFrameworksBuildPhase;
			buildActionMask = 2147483647;
			files = (
				0955C2AD29D5599600B20D4A /* FirebaseAuth in Frameworks */,
				0955C2B329D5599600B20D4A /* FirebaseStorage in Frameworks */,
				0955C2AF29D5599600B20D4A /* FirebaseFirestore in Frameworks */,
				0955C2B129D5599600B20D4A /* FirebaseFirestoreSwift in Frameworks */,
			);
			runOnlyForDeploymentPostprocessing = 0;
		};
/* End PBXFrameworksBuildPhase section */

/* Begin PBXGroup section */
		090CF14229D2F3BD00E43294 /* Custom Tab Bar */ = {
			isa = PBXGroup;
			children = (
				090CF14329D2F3E100E43294 /* CustomTabBar.swift */,
				0955C2A729D535BB00B20D4A /* TabBarButton.swift */,
			);
			path = "Custom Tab Bar";
			sourceTree = "<group>";
		};
		0993ACF029D72D5A00CE391E /* Onboarding */ = {
			isa = PBXGroup;
			children = (
				0943D24A29D80D6100908C8E /* ImagePicker.swift */,
				0993ACF129D72DE200CE391E /* OnboardingContainer.swift */,
				0993ACF329D72F4900CE391E /* WelcomeView.swift */,
				0993ACF529D72F6000CE391E /* PhoneNumberView.swift */,
				0993ACF729D72F8300CE391E /* VerificationView.swift */,
				0993ACF929D72F9800CE391E /* CreateProfileView.swift */,
				0993ACFB29D72FB100CE391E /* SyncContactsView.swift */,
			);
			path = Onboarding;
			sourceTree = "<group>";
		};
		837CD8352755654800C6274E = {
			isa = PBXGroup;
			children = (
				837CD8402755654800C6274E /* swiftui-chat */,
				837CD83F2755654800C6274E /* Products */,
			);
			sourceTree = "<group>";
		};
		837CD83F2755654800C6274E /* Products */ = {
			isa = PBXGroup;
			children = (
				837CD83E2755654800C6274E /* swiftui-chat.app */,
			);
			name = Products;
			sourceTree = "<group>";
		};
		837CD8402755654800C6274E /* swiftui-chat */ = {
			isa = PBXGroup;
			children = (
				097BFAC529D56C6B00F373F1 /* swiftui-chatDebug.entitlements */,
				0955C2B629D55E4300B20D4A /* swiftui-chat.entitlements */,
				837CD85B2755697900C6274E /* Info.plist */,
				0955C2A929D5399500B20D4A /* GoogleService-Info.plist */,
				837CD8412755654800C6274E /* swiftui_chatApp.swift */,
				837CD84F2755655D00C6274E /* Views */,
				837CD8502755656300C6274E /* ViewModels */,
				837CD8512755656900C6274E /* Models */,
				837CD8522755657000C6274E /* Services */,
				837CD8532755657C00C6274E /* Helpers */,
				837CD8542755658C00C6274E /* Fonts */,
				837CD8452755654B00C6274E /* Assets.xcassets */,
				837CD8472755654B00C6274E /* Preview Content */,
				0955C2B429D55A1600B20D4A /* AppDelegate.swift */,
			);
			path = "swiftui-chat";
			sourceTree = "<group>";
		};
		837CD8472755654B00C6274E /* Preview Content */ = {
			isa = PBXGroup;
			children = (
				837CD8482755654B00C6274E /* Preview Assets.xcassets */,
			);
			path = "Preview Content";
			sourceTree = "<group>";
		};
		837CD84F2755655D00C6274E /* Views */ = {
			isa = PBXGroup;
			children = (
				837CD8432755654800C6274E /* RootView.swift */,
				0993ACF029D72D5A00CE391E /* Onboarding */,
				090CF14229D2F3BD00E43294 /* Custom Tab Bar */,
			);
			path = Views;
			sourceTree = "<group>";
		};
		837CD8502755656300C6274E /* ViewModels */ = {
			isa = PBXGroup;
			children = (
				0993ACEE29D71E6800CE391E /* AuthViewModel.swift */,
				0943D24229D7CA1200908C8E /* ContactsViewModel.swift */,
			);
			path = ViewModels;
			sourceTree = "<group>";
		};
		837CD8512755656900C6274E /* Models */ = {
			isa = PBXGroup;
			children = (
				0943D24429D7D14100908C8E /* User.swift */,
			);
			path = Models;
			sourceTree = "<group>";
		};
		837CD8522755657000C6274E /* Services */ = {
			isa = PBXGroup;
			children = (
				0943D24629D7D2A900908C8E /* DatabaseService.swift */,
			);
			path = Services;
			sourceTree = "<group>";
		};
		837CD8532755657C00C6274E /* Helpers */ = {
			isa = PBXGroup;
			children = (
				837CD85C27556BDB00C6274E /* Fonts.swift */,
				0943D23E29D750E100908C8E /* OnboardingButtonStyle.swift */,
				0943D24029D7C76400908C8E /* CreateProfileTextfieldStyle.swift */,
				0943D24829D7D68C00908C8E /* TextHelper.swift */,
			);
			path = Helpers;
			sourceTree = "<group>";
		};
		837CD8542755658C00C6274E /* Fonts */ = {
			isa = PBXGroup;
			children = (
				837CD8572755694000C6274E /* LexendDeca-Bold.ttf */,
				837CD8552755694000C6274E /* LexendDeca-Regular.ttf */,
				837CD8562755694000C6274E /* LexendDeca-SemiBold.ttf */,
			);
			path = Fonts;
			sourceTree = "<group>";
		};
/* End PBXGroup section */

/* Begin PBXNativeTarget section */
		837CD83D2755654800C6274E /* swiftui-chat */ = {
			isa = PBXNativeTarget;
			buildConfigurationList = 837CD84C2755654B00C6274E /* Build configuration list for PBXNativeTarget "swiftui-chat" */;
			buildPhases = (
				837CD83A2755654800C6274E /* Sources */,
				837CD83B2755654800C6274E /* Frameworks */,
				837CD83C2755654800C6274E /* Resources */,
			);
			buildRules = (
			);
			dependencies = (
			);
			name = "swiftui-chat";
			packageProductDependencies = (
				0955C2AC29D5599600B20D4A /* FirebaseAuth */,
				0955C2AE29D5599600B20D4A /* FirebaseFirestore */,
				0955C2B029D5599600B20D4A /* FirebaseFirestoreSwift */,
				0955C2B229D5599600B20D4A /* FirebaseStorage */,
			);
			productName = "swiftui-chat";
			productReference = 837CD83E2755654800C6274E /* swiftui-chat.app */;
			productType = "com.apple.product-type.application";
		};
/* End PBXNativeTarget section */

/* Begin PBXProject section */
		837CD8362755654800C6274E /* Project object */ = {
			isa = PBXProject;
			attributes = {
				BuildIndependentTargetsInParallel = 1;
				LastSwiftUpdateCheck = 1310;
				LastUpgradeCheck = 1310;
				TargetAttributes = {
					837CD83D2755654800C6274E = {
						CreatedOnToolsVersion = 13.1;
					};
				};
			};
			buildConfigurationList = 837CD8392755654800C6274E /* Build configuration list for PBXProject "swiftui-chat" */;
			compatibilityVersion = "Xcode 13.0";
			developmentRegion = en;
			hasScannedForEncodings = 0;
			knownRegions = (
				en,
				Base,
			);
			mainGroup = 837CD8352755654800C6274E;
			packageReferences = (
				0955C2AB29D5599600B20D4A /* XCRemoteSwiftPackageReference "firebase-ios-sdk" */,
			);
			productRefGroup = 837CD83F2755654800C6274E /* Products */;
			projectDirPath = "";
			projectRoot = "";
			targets = (
				837CD83D2755654800C6274E /* swiftui-chat */,
			);
		};
/* End PBXProject section */

/* Begin PBXResourcesBuildPhase section */
		837CD83C2755654800C6274E /* Resources */ = {
			isa = PBXResourcesBuildPhase;
			buildActionMask = 2147483647;
			files = (
				837CD8592755694000C6274E /* LexendDeca-SemiBold.ttf in Resources */,
				837CD85A2755694000C6274E /* LexendDeca-Bold.ttf in Resources */,
				837CD8492755654B00C6274E /* Preview Assets.xcassets in Resources */,
				837CD8582755694000C6274E /* LexendDeca-Regular.ttf in Resources */,
				837CD8462755654B00C6274E /* Assets.xcassets in Resources */,
				0955C2AA29D5399500B20D4A /* GoogleService-Info.plist in Resources */,
			);
			runOnlyForDeploymentPostprocessing = 0;
		};
/* End PBXResourcesBuildPhase section */

/* Begin PBXSourcesBuildPhase section */
		837CD83A2755654800C6274E /* Sources */ = {
			isa = PBXSourcesBuildPhase;
			buildActionMask = 2147483647;
			files = (
				0943D24729D7D2A900908C8E /* DatabaseService.swift in Sources */,
				0943D24129D7C76400908C8E /* CreateProfileTextfieldStyle.swift in Sources */,
				0993ACFC29D72FB100CE391E /* SyncContactsView.swift in Sources */,
				0955C2B529D55A1600B20D4A /* AppDelegate.swift in Sources */,
				0943D24929D7D68C00908C8E /* TextHelper.swift in Sources */,
				090CF14429D2F3E100E43294 /* CustomTabBar.swift in Sources */,
				0993ACF229D72DE200CE391E /* OnboardingContainer.swift in Sources */,
				0943D23F29D750E100908C8E /* OnboardingButtonStyle.swift in Sources */,
				837CD8442755654800C6274E /* RootView.swift in Sources */,
				0943D24529D7D14100908C8E /* User.swift in Sources */,
				0993ACF429D72F4900CE391E /* WelcomeView.swift in Sources */,
				0993ACEF29D71E6800CE391E /* AuthViewModel.swift in Sources */,
				0993ACFA29D72F9800CE391E /* CreateProfileView.swift in Sources */,
				0993ACF629D72F6000CE391E /* PhoneNumberView.swift in Sources */,
				837CD85D27556BDB00C6274E /* Fonts.swift in Sources */,
				0993ACF829D72F8300CE391E /* VerificationView.swift in Sources */,
				0943D24329D7CA1200908C8E /* ContactsViewModel.swift in Sources */,
				0943D24B29D80D6100908C8E /* ImagePicker.swift in Sources */,
				0955C2A829D535BB00B20D4A /* TabBarButton.swift in Sources */,
				837CD8422755654800C6274E /* swiftui_chatApp.swift in Sources */,
			);
			runOnlyForDeploymentPostprocessing = 0;
		};
/* End PBXSourcesBuildPhase section */

/* Begin XCBuildConfiguration section */
		837CD84A2755654B00C6274E /* Debug */ = {
			isa = XCBuildConfiguration;
			buildSettings = {
				ALWAYS_SEARCH_USER_PATHS = NO;
				CLANG_ANALYZER_NONNULL = YES;
				CLANG_ANALYZER_NUMBER_OBJECT_CONVERSION = YES_AGGRESSIVE;
				CLANG_CXX_LANGUAGE_STANDARD = "gnu++17";
				CLANG_CXX_LIBRARY = "libc++";
				CLANG_ENABLE_MODULES = YES;
				CLANG_ENABLE_OBJC_ARC = YES;
				CLANG_ENABLE_OBJC_WEAK = YES;
				CLANG_WARN_BLOCK_CAPTURE_AUTORELEASING = YES;
				CLANG_WARN_BOOL_CONVERSION = YES;
				CLANG_WARN_COMMA = YES;
				CLANG_WARN_CONSTANT_CONVERSION = YES;
				CLANG_WARN_DEPRECATED_OBJC_IMPLEMENTATIONS = YES;
				CLANG_WARN_DIRECT_OBJC_ISA_USAGE = YES_ERROR;
				CLANG_WARN_DOCUMENTATION_COMMENTS = YES;
				CLANG_WARN_EMPTY_BODY = YES;
				CLANG_WARN_ENUM_CONVERSION = YES;
				CLANG_WARN_INFINITE_RECURSION = YES;
				CLANG_WARN_INT_CONVERSION = YES;
				CLANG_WARN_NON_LITERAL_NULL_CONVERSION = YES;
				CLANG_WARN_OBJC_IMPLICIT_RETAIN_SELF = YES;
				CLANG_WARN_OBJC_LITERAL_CONVERSION = YES;
				CLANG_WARN_OBJC_ROOT_CLASS = YES_ERROR;
				CLANG_WARN_QUOTED_INCLUDE_IN_FRAMEWORK_HEADER = YES;
				CLANG_WARN_RANGE_LOOP_ANALYSIS = YES;
				CLANG_WARN_STRICT_PROTOTYPES = YES;
				CLANG_WARN_SUSPICIOUS_MOVE = YES;
				CLANG_WARN_UNGUARDED_AVAILABILITY = YES_AGGRESSIVE;
				CLANG_WARN_UNREACHABLE_CODE = YES;
				CLANG_WARN__DUPLICATE_METHOD_MATCH = YES;
				COPY_PHASE_STRIP = NO;
				DEBUG_INFORMATION_FORMAT = dwarf;
				ENABLE_STRICT_OBJC_MSGSEND = YES;
				ENABLE_TESTABILITY = YES;
				GCC_C_LANGUAGE_STANDARD = gnu11;
				GCC_DYNAMIC_NO_PIC = NO;
				GCC_NO_COMMON_BLOCKS = YES;
				GCC_OPTIMIZATION_LEVEL = 0;
				GCC_PREPROCESSOR_DEFINITIONS = (
					"DEBUG=1",
					"$(inherited)",
				);
				GCC_WARN_64_TO_32_BIT_CONVERSION = YES;
				GCC_WARN_ABOUT_RETURN_TYPE = YES_ERROR;
				GCC_WARN_UNDECLARED_SELECTOR = YES;
				GCC_WARN_UNINITIALIZED_AUTOS = YES_AGGRESSIVE;
				GCC_WARN_UNUSED_FUNCTION = YES;
				GCC_WARN_UNUSED_VARIABLE = YES;
				IPHONEOS_DEPLOYMENT_TARGET = 15.0;
				MTL_ENABLE_DEBUG_INFO = INCLUDE_SOURCE;
				MTL_FAST_MATH = YES;
				ONLY_ACTIVE_ARCH = YES;
				SDKROOT = iphoneos;
				SWIFT_ACTIVE_COMPILATION_CONDITIONS = DEBUG;
				SWIFT_OPTIMIZATION_LEVEL = "-Onone";
			};
			name = Debug;
		};
		837CD84B2755654B00C6274E /* Release */ = {
			isa = XCBuildConfiguration;
			buildSettings = {
				ALWAYS_SEARCH_USER_PATHS = NO;
				CLANG_ANALYZER_NONNULL = YES;
				CLANG_ANALYZER_NUMBER_OBJECT_CONVERSION = YES_AGGRESSIVE;
				CLANG_CXX_LANGUAGE_STANDARD = "gnu++17";
				CLANG_CXX_LIBRARY = "libc++";
				CLANG_ENABLE_MODULES = YES;
				CLANG_ENABLE_OBJC_ARC = YES;
				CLANG_ENABLE_OBJC_WEAK = YES;
				CLANG_WARN_BLOCK_CAPTURE_AUTORELEASING = YES;
				CLANG_WARN_BOOL_CONVERSION = YES;
				CLANG_WARN_COMMA = YES;
				CLANG_WARN_CONSTANT_CONVERSION = YES;
				CLANG_WARN_DEPRECATED_OBJC_IMPLEMENTATIONS = YES;
				CLANG_WARN_DIRECT_OBJC_ISA_USAGE = YES_ERROR;
				CLANG_WARN_DOCUMENTATION_COMMENTS = YES;
				CLANG_WARN_EMPTY_BODY = YES;
				CLANG_WARN_ENUM_CONVERSION = YES;
				CLANG_WARN_INFINITE_RECURSION = YES;
				CLANG_WARN_INT_CONVERSION = YES;
				CLANG_WARN_NON_LITERAL_NULL_CONVERSION = YES;
				CLANG_WARN_OBJC_IMPLICIT_RETAIN_SELF = YES;
				CLANG_WARN_OBJC_LITERAL_CONVERSION = YES;
				CLANG_WARN_OBJC_ROOT_CLASS = YES_ERROR;
				CLANG_WARN_QUOTED_INCLUDE_IN_FRAMEWORK_HEADER = YES;
				CLANG_WARN_RANGE_LOOP_ANALYSIS = YES;
				CLANG_WARN_STRICT_PROTOTYPES = YES;
				CLANG_WARN_SUSPICIOUS_MOVE = YES;
				CLANG_WARN_UNGUARDED_AVAILABILITY = YES_AGGRESSIVE;
				CLANG_WARN_UNREACHABLE_CODE = YES;
				CLANG_WARN__DUPLICATE_METHOD_MATCH = YES;
				COPY_PHASE_STRIP = NO;
				DEBUG_INFORMATION_FORMAT = "dwarf-with-dsym";
				ENABLE_NS_ASSERTIONS = NO;
				ENABLE_STRICT_OBJC_MSGSEND = YES;
				GCC_C_LANGUAGE_STANDARD = gnu11;
				GCC_NO_COMMON_BLOCKS = YES;
				GCC_WARN_64_TO_32_BIT_CONVERSION = YES;
				GCC_WARN_ABOUT_RETURN_TYPE = YES_ERROR;
				GCC_WARN_UNDECLARED_SELECTOR = YES;
				GCC_WARN_UNINITIALIZED_AUTOS = YES_AGGRESSIVE;
				GCC_WARN_UNUSED_FUNCTION = YES;
				GCC_WARN_UNUSED_VARIABLE = YES;
				IPHONEOS_DEPLOYMENT_TARGET = 15.0;
				MTL_ENABLE_DEBUG_INFO = NO;
				MTL_FAST_MATH = YES;
				SDKROOT = iphoneos;
				SWIFT_COMPILATION_MODE = wholemodule;
				SWIFT_OPTIMIZATION_LEVEL = "-O";
				VALIDATE_PRODUCT = YES;
			};
			name = Release;
		};
		837CD84D2755654B00C6274E /* Debug */ = {
			isa = XCBuildConfiguration;
			buildSettings = {
				ASSETCATALOG_COMPILER_APPICON_NAME = AppIcon;
				ASSETCATALOG_COMPILER_GLOBAL_ACCENT_COLOR_NAME = AccentColor;
				CODE_SIGN_ENTITLEMENTS = "swiftui-chat/swiftui-chatDebug.entitlements";
				CODE_SIGN_IDENTITY = "Apple Development";
				CODE_SIGN_STYLE = Automatic;
				CURRENT_PROJECT_VERSION = 1;
				DEVELOPMENT_ASSET_PATHS = "\"swiftui-chat/Preview Content\"";
				DEVELOPMENT_TEAM = "";
				ENABLE_PREVIEWS = YES;
				GENERATE_INFOPLIST_FILE = YES;
				INFOPLIST_FILE = "swiftui-chat/Info.plist";
				INFOPLIST_KEY_UIApplicationSceneManifest_Generation = YES;
				INFOPLIST_KEY_UIApplicationSupportsIndirectInputEvents = YES;
				INFOPLIST_KEY_UILaunchScreen_Generation = YES;
				INFOPLIST_KEY_UISupportedInterfaceOrientations_iPad = "UIInterfaceOrientationPortrait UIInterfaceOrientationPortraitUpsideDown UIInterfaceOrientationLandscapeLeft UIInterfaceOrientationLandscapeRight";
				INFOPLIST_KEY_UISupportedInterfaceOrientations_iPhone = "UIInterfaceOrientationPortrait UIInterfaceOrientationLandscapeLeft UIInterfaceOrientationLandscapeRight";
				LD_RUNPATH_SEARCH_PATHS = (
					"$(inherited)",
					"@executable_path/Frameworks",
				);
				MARKETING_VERSION = 1.0;
				PRODUCT_BUNDLE_IDENTIFIER = "com.yeanseyha-app";
				PRODUCT_NAME = "$(TARGET_NAME)";
				PROVISIONING_PROFILE_SPECIFIER = "";
				SWIFT_EMIT_LOC_STRINGS = YES;
				SWIFT_VERSION = 5.0;
				TARGETED_DEVICE_FAMILY = "1,2";
			};
			name = Debug;
		};
		837CD84E2755654B00C6274E /* Release */ = {
			isa = XCBuildConfiguration;
			buildSettings = {
				ASSETCATALOG_COMPILER_APPICON_NAME = AppIcon;
				ASSETCATALOG_COMPILER_GLOBAL_ACCENT_COLOR_NAME = AccentColor;
				CODE_SIGN_ENTITLEMENTS = "swiftui-chat/swiftui-chat.entitlements";
				CODE_SIGN_STYLE = Automatic;
				CURRENT_PROJECT_VERSION = 1;
				DEVELOPMENT_ASSET_PATHS = "\"swiftui-chat/Preview Content\"";
				DEVELOPMENT_TEAM = "";
				ENABLE_PREVIEWS = YES;
				GENERATE_INFOPLIST_FILE = YES;
				INFOPLIST_FILE = "swiftui-chat/Info.plist";
				INFOPLIST_KEY_UIApplicationSceneManifest_Generation = YES;
				INFOPLIST_KEY_UIApplicationSupportsIndirectInputEvents = YES;
				INFOPLIST_KEY_UILaunchScreen_Generation = YES;
				INFOPLIST_KEY_UISupportedInterfaceOrientations_iPad = "UIInterfaceOrientationPortrait UIInterfaceOrientationPortraitUpsideDown UIInterfaceOrientationLandscapeLeft UIInterfaceOrientationLandscapeRight";
				INFOPLIST_KEY_UISupportedInterfaceOrientations_iPhone = "UIInterfaceOrientationPortrait UIInterfaceOrientationLandscapeLeft UIInterfaceOrientationLandscapeRight";
				LD_RUNPATH_SEARCH_PATHS = (
					"$(inherited)",
					"@executable_path/Frameworks",
				);
				MARKETING_VERSION = 1.0;
				PRODUCT_BUNDLE_IDENTIFIER = "com.yeanseyha-swiftui-chat";
				PRODUCT_NAME = "$(TARGET_NAME)";
				SWIFT_EMIT_LOC_STRINGS = YES;
				SWIFT_VERSION = 5.0;
				TARGETED_DEVICE_FAMILY = "1,2";
			};
			name = Release;
		};
/* End XCBuildConfiguration section */

/* Begin XCConfigurationList section */
		837CD8392755654800C6274E /* Build configuration list for PBXProject "swiftui-chat" */ = {
			isa = XCConfigurationList;
			buildConfigurations = (
				837CD84A2755654B00C6274E /* Debug */,
				837CD84B2755654B00C6274E /* Release */,
			);
			defaultConfigurationIsVisible = 0;
			defaultConfigurationName = Release;
		};
		837CD84C2755654B00C6274E /* Build configuration list for PBXNativeTarget "swiftui-chat" */ = {
			isa = XCConfigurationList;
			buildConfigurations = (
				837CD84D2755654B00C6274E /* Debug */,
				837CD84E2755654B00C6274E /* Release */,
			);
			defaultConfigurationIsVisible = 0;
			defaultConfigurationName = Release;
		};
/* End XCConfigurationList section */

/* Begin XCRemoteSwiftPackageReference section */
		0955C2AB29D5599600B20D4A /* XCRemoteSwiftPackageReference "firebase-ios-sdk" */ = {
			isa = XCRemoteSwiftPackageReference;
			repositoryURL = "https://github.com/firebase/firebase-ios-sdk";
			requirement = {
				kind = upToNextMajorVersion;
				minimumVersion = 9.0.0;
			};
		};
/* End XCRemoteSwiftPackageReference section */

/* Begin XCSwiftPackageProductDependency section */
		0955C2AC29D5599600B20D4A /* FirebaseAuth */ = {
			isa = XCSwiftPackageProductDependency;
			package = 0955C2AB29D5599600B20D4A /* XCRemoteSwiftPackageReference "firebase-ios-sdk" */;
			productName = FirebaseAuth;
		};
		0955C2AE29D5599600B20D4A /* FirebaseFirestore */ = {
			isa = XCSwiftPackageProductDependency;
			package = 0955C2AB29D5599600B20D4A /* XCRemoteSwiftPackageReference "firebase-ios-sdk" */;
			productName = FirebaseFirestore;
		};
		0955C2B029D5599600B20D4A /* FirebaseFirestoreSwift */ = {
			isa = XCSwiftPackageProductDependency;
			package = 0955C2AB29D5599600B20D4A /* XCRemoteSwiftPackageReference "firebase-ios-sdk" */;
			productName = FirebaseFirestoreSwift;
		};
		0955C2B229D5599600B20D4A /* FirebaseStorage */ = {
			isa = XCSwiftPackageProductDependency;
			package = 0955C2AB29D5599600B20D4A /* XCRemoteSwiftPackageReference "firebase-ios-sdk" */;
			productName = FirebaseStorage;
		};
/* End XCSwiftPackageProductDependency section */
	};
	rootObject = 837CD8362755654800C6274E /* Project object */;
}
